{
  "schema_version": 1,
  "images": [
    {
      "id": "roci-python",
      "image": "ghcr.io/ml4bm-lab/functional-cart-atlas-python-roci@sha256:a87d94abb3d9922d5bf01d31024bdf34c02eab8c53229b7cf9ad2ac365605e7e"
    },
    {
      "id": "roci-r",
      "image": "ghcr.io/ml4bm-lab/functional-cart-atlas-r-roci@sha256:b8d9f0861f758f13e7e3b07ee66edb07899c89a1e1d5fba204e21f4162d25e25"
    },
    {
      "id": "marg-python",
      "image": "ghcr.io/ml4bm-lab/functional-cart-atlas-python-marg@sha256:e3db2cdd8650f23964c5b1af1c6bd29839e763617ad05845389d70c82f7e595d"
    },
    {
      "id": "marg-r",
      "image": "ghcr.io/ml4bm-lab/functional-cart-atlas-r-marg@sha256:3990c959c898bae0034e24ead0afffb5e3e3dde55a6c926fd1926377d82ea0fe"
    }
  ]
}
